
Microsoft Visual Studio Solution File, Format Version 12.00
Project("{F2A71F9B-5D33-465A-A702-920D77279786}") = "Fsharp_learning", "Fsharp_learning\Fsharp_learning.fsproj", "{7C1FD64A-3156-437F-BBB5-B386878B4286}"
EndProject
Global
	GlobalSection(SolutionConfigurationPlatforms) = preSolution
		Debug|Any CPU = Debug|Any CPU
		Release|Any CPU = Release|Any CPU
	EndGlobalSection
	GlobalSection(ProjectConfigurationPlatforms) = postSolution
		{7C1FD64A-3156-437F-BBB5-B386878B4286}.Debug|Any CPU.ActiveCfg = Debug|Any CPU
		{7C1FD64A-3156-437F-BBB5-B386878B4286}.Debug|Any CPU.Build.0 = Debug|Any CPU
		{7C1FD64A-3156-437F-BBB5-B386878B4286}.Release|Any CPU.ActiveCfg = Release|Any CPU
		{7C1FD64A-3156-437F-BBB5-B386878B4286}.Release|Any CPU.Build.0 = Release|Any CPU
	EndGlobalSection
EndGlobal
